
Microsoft Visual Studio Solution File, Format Version 12.00
# Visual Studio Version 17
VisualStudioVersion = 17.0.31912.275
MinimumVisualStudioVersion = 10.0.40219.1
Project("{9A19103F-16F7-4668-BE54-9A1E7A4F7556}") = "JPPhotoManager.Domain", "JPPhotoManager.Domain\JPPhotoManager.Domain.csproj", "{406F31A9-869A-4536-837B-EE64D983C75B}"
EndProject
Project("{9A19103F-16F7-4668-BE54-9A1E7A4F7556}") = "JPPhotoManager.Infrastructure", "JPPhotoManager.Infrastructure\JPPhotoManager.Infrastructure.csproj", "{CCC0A98C-E95E-4C6C-9C08-3B09A960FE01}"
EndProject
Project("{9A19103F-16F7-4668-BE54-9A1E7A4F7556}") = "JPPhotoManager.Application", "JPPhotoManager.Application\JPPhotoManager.Application.csproj", "{17D0C413-1FB6-4FDD-B283-DD337697C4AB}"
EndProject
Project("{9A19103F-16F7-4668-BE54-9A1E7A4F7556}") = "JPPhotoManager.UI", "JPPhotoManager.UI\JPPhotoManager.UI.csproj", "{4E0E6143-21FC-4EDA-BF0C-FAB9A74C8381}"
EndProject
Project("{9A19103F-16F7-4668-BE54-9A1E7A4F7556}") = "JPPhotoManager.Tests", "JPPhotoManager.Tests\JPPhotoManager.Tests.csproj", "{BBF3A5D4-6BDC-4ABD-84D6-F7ED6CBCAA2F}"
EndProject
Project("{9A19103F-16F7-4668-BE54-9A1E7A4F7556}") = "JPPhotoManager.Common", "JPPhotoManager.Common\JPPhotoManager.Common.csproj", "{12B59928-E504-42FA-9B48-9A47CAE748D8}"
EndProject
Global
	GlobalSection(SolutionConfigurationPlatforms) = preSolution
		Debug|Any CPU = Debug|Any CPU
		Release|Any CPU = Release|Any CPU
	EndGlobalSection
	GlobalSection(ProjectConfigurationPlatforms) = postSolution
		{406F31A9-869A-4536-837B-EE64D983C75B}.Debug|Any CPU.ActiveCfg = Debug|Any CPU
		{406F31A9-869A-4536-837B-EE64D983C75B}.Debug|Any CPU.Build.0 = Debug|Any CPU
		{406F31A9-869A-4536-837B-EE64D983C75B}.Release|Any CPU.ActiveCfg = Release|Any CPU
		{406F31A9-869A-4536-837B-EE64D983C75B}.Release|Any CPU.Build.0 = Release|Any CPU
		{CCC0A98C-E95E-4C6C-9C08-3B09A960FE01}.Debug|Any CPU.ActiveCfg = Debug|Any CPU
		{CCC0A98C-E95E-4C6C-9C08-3B09A960FE01}.Debug|Any CPU.Build.0 = Debug|Any CPU
		{CCC0A98C-E95E-4C6C-9C08-3B09A960FE01}.Release|Any CPU.ActiveCfg = Release|Any CPU
		{CCC0A98C-E95E-4C6C-9C08-3B09A960FE01}.Release|Any CPU.Build.0 = Release|Any CPU
		{17D0C413-1FB6-4FDD-B283-DD337697C4AB}.Debug|Any CPU.ActiveCfg = Debug|Any CPU
		{17D0C413-1FB6-4FDD-B283-DD337697C4AB}.Debug|Any CPU.Build.0 = Debug|Any CPU
		{17D0C413-1FB6-4FDD-B283-DD337697C4AB}.Release|Any CPU.ActiveCfg = Release|Any CPU
		{17D0C413-1FB6-4FDD-B283-DD337697C4AB}.Release|Any CPU.Build.0 = Release|Any CPU
		{4E0E6143-21FC-4EDA-BF0C-FAB9A74C8381}.Debug|Any CPU.ActiveCfg = Debug|Any CPU
		{4E0E6143-21FC-4EDA-BF0C-FAB9A74C8381}.Debug|Any CPU.Build.0 = Debug|Any CPU
		{4E0E6143-21FC-4EDA-BF0C-FAB9A74C8381}.Release|Any CPU.ActiveCfg = Release|Any CPU
		{4E0E6143-21FC-4EDA-BF0C-FAB9A74C8381}.Release|Any CPU.Build.0 = Release|Any CPU
		{BBF3A5D4-6BDC-4ABD-84D6-F7ED6CBCAA2F}.Debug|Any CPU.ActiveCfg = Debug|Any CPU
		{BBF3A5D4-6BDC-4ABD-84D6-F7ED6CBCAA2F}.Debug|Any CPU.Build.0 = Debug|Any CPU
		{BBF3A5D4-6BDC-4ABD-84D6-F7ED6CBCAA2F}.Release|Any CPU.ActiveCfg = Release|Any CPU
		{BBF3A5D4-6BDC-4ABD-84D6-F7ED6CBCAA2F}.Release|Any CPU.Build.0 = Release|Any CPU
		{12B59928-E504-42FA-9B48-9A47CAE748D8}.Debug|Any CPU.ActiveCfg = Debug|Any CPU
		{12B59928-E504-42FA-9B48-9A47CAE748D8}.Debug|Any CPU.Build.0 = Debug|Any CPU
		{12B59928-E504-42FA-9B48-9A47CAE748D8}.Release|Any CPU.ActiveCfg = Release|Any CPU
		{12B59928-E504-42FA-9B48-9A47CAE748D8}.Release|Any CPU.Build.0 = Release|Any CPU
	EndGlobalSection
	GlobalSection(SolutionProperties) = preSolution
		HideSolutionNode = FALSE
	EndGlobalSection
	GlobalSection(ExtensibilityGlobals) = postSolution
		SolutionGuid = {B5CB19D0-F813-45FF-B4CD-66989E905CBF}
	EndGlobalSection
EndGlobal
