
Microsoft Visual Studio Solution File, Format Version 12.00
# Visual Studio Version 16
VisualStudioVersion = 16.0.29409.12
MinimumVisualStudioVersion = 10.0.40219.1
Project("{9A19103F-16F7-4668-BE54-9A1E7A4F7556}") = "JPPhotoManager", "JPPhotoManager\JPPhotoManager.csproj", "{C1D4AC0F-F87F-4867-BA9D-ECFCB4B54F46}"
EndProject
Project("{FAE04EC0-301F-11D3-BF4B-00C04F79EFBC}") = "JPPhotoManager.Test", "JPPhotoManager.Test\JPPhotoManager.Test.csproj", "{A7A8E7B8-88B5-4861-A034-4E77D51E17B0}"
EndProject
Global
	GlobalSection(SolutionConfigurationPlatforms) = preSolution
		Debug|Any CPU = Debug|Any CPU
		Release|Any CPU = Release|Any CPU
	EndGlobalSection
	GlobalSection(ProjectConfigurationPlatforms) = postSolution
		{C1D4AC0F-F87F-4867-BA9D-ECFCB4B54F46}.Debug|Any CPU.ActiveCfg = Debug|Any CPU
		{C1D4AC0F-F87F-4867-BA9D-ECFCB4B54F46}.Debug|Any CPU.Build.0 = Debug|Any CPU
		{C1D4AC0F-F87F-4867-BA9D-ECFCB4B54F46}.Release|Any CPU.ActiveCfg = Release|Any CPU
		{C1D4AC0F-F87F-4867-BA9D-ECFCB4B54F46}.Release|Any CPU.Build.0 = Release|Any CPU
		{A7A8E7B8-88B5-4861-A034-4E77D51E17B0}.Debug|Any CPU.ActiveCfg = Debug|Any CPU
		{A7A8E7B8-88B5-4861-A034-4E77D51E17B0}.Debug|Any CPU.Build.0 = Debug|Any CPU
		{A7A8E7B8-88B5-4861-A034-4E77D51E17B0}.Release|Any CPU.ActiveCfg = Release|Any CPU
		{A7A8E7B8-88B5-4861-A034-4E77D51E17B0}.Release|Any CPU.Build.0 = Release|Any CPU
	EndGlobalSection
	GlobalSection(SolutionProperties) = preSolution
		HideSolutionNode = FALSE
	EndGlobalSection
	GlobalSection(ExtensibilityGlobals) = postSolution
		SolutionGuid = {B5CB19D0-F813-45FF-B4CD-66989E905CBF}
	EndGlobalSection
EndGlobal
